{
  "name": "online-judge",
  "version": "0.0.0",
  "lockfileVersion": 3,
  "requires": true,
  "packages": {
    "": {
      "name": "online-judge",
      "version": "0.0.0",
      "workspaces": [
        "server"
      ],
      "engines": {
        "node": ">=20"
      }
    },
    "node_modules/@oj/server": {
      "resolved": "server",
      "link": true
    },
    "server": {
      "name": "@oj/server",
      "version": "0.0.0"
    }
  }
}
